
Microsoft Visual Studio Solution File, Format Version 12.00
# Visual Studio Version 17
VisualStudioVersion = 17.7.34202.233
MinimumVisualStudioVersion = 10.0.40219.1
Project("{FAE04EC0-301F-11D3-BF4B-00C04F79EFBC}") = "fusogram-csharp", "fusogram-csharp.csproj", "{05327069-E5F0-47F4-8F37-800D0E637BAB}"
EndProject
Global
	GlobalSection(SolutionConfigurationPlatforms) = preSolution
		Debug|Any CPU = Debug|Any CPU
		Release|Any CPU = Release|Any CPU
	EndGlobalSection
	GlobalSection(ProjectConfigurationPlatforms) = postSolution
		{05327069-E5F0-47F4-8F37-800D0E637BAB}.Debug|Any CPU.ActiveCfg = Debug|Any CPU
		{05327069-E5F0-47F4-8F37-800D0E637BAB}.Debug|Any CPU.Build.0 = Debug|Any CPU
		{05327069-E5F0-47F4-8F37-800D0E637BAB}.Release|Any CPU.ActiveCfg = Release|Any CPU
		{05327069-E5F0-47F4-8F37-800D0E637BAB}.Release|Any CPU.Build.0 = Release|Any CPU
	EndGlobalSection
	GlobalSection(SolutionProperties) = preSolution
		HideSolutionNode = FALSE
	EndGlobalSection
	GlobalSection(ExtensibilityGlobals) = postSolution
		SolutionGuid = {AB349891-E4C3-40C0-A1C3-5831C29AEAFD}
	EndGlobalSection
EndGlobal
